
Microsoft Visual Studio Solution File, Format Version 12.00
# Visual Studio 2012
Project("{FAE04EC0-301F-11D3-BF4B-00C04F79EFBC}") = "LOCKD", "LOCKD\LOCKD.csproj", "{33ECF25C-EAC2-44E3-8BE5-3AC39A14680E}"
EndProject
Project("{FAE04EC0-301F-11D3-BF4B-00C04F79EFBC}") = "LOCKD.iOS", "iOS\LOCKD.iOS.csproj", "{280EAEF4-9128-4727-8400-A755F1A13463}"
EndProject
Project("{FAE04EC0-301F-11D3-BF4B-00C04F79EFBC}") = "LOCKD.Droid", "Droid\LOCKD.Droid.csproj", "{34147E5B-C417-4FE4-9F54-14E5457432C1}"
EndProject
Global
	GlobalSection(SolutionConfigurationPlatforms) = preSolution
		Debug|Any CPU = Debug|Any CPU
		Release|Any CPU = Release|Any CPU
		Debug|iPhoneSimulator = Debug|iPhoneSimulator
		Release|iPhone = Release|iPhone
		Release|iPhoneSimulator = Release|iPhoneSimulator
		Debug|iPhone = Debug|iPhone
	EndGlobalSection
	GlobalSection(ProjectConfigurationPlatforms) = postSolution
		{33ECF25C-EAC2-44E3-8BE5-3AC39A14680E}.Debug|Any CPU.ActiveCfg = Debug|Any CPU
		{33ECF25C-EAC2-44E3-8BE5-3AC39A14680E}.Debug|Any CPU.Build.0 = Debug|Any CPU
		{33ECF25C-EAC2-44E3-8BE5-3AC39A14680E}.Release|Any CPU.ActiveCfg = Release|Any CPU
		{33ECF25C-EAC2-44E3-8BE5-3AC39A14680E}.Release|Any CPU.Build.0 = Release|Any CPU
		{33ECF25C-EAC2-44E3-8BE5-3AC39A14680E}.Debug|iPhoneSimulator.ActiveCfg = Debug|Any CPU
		{33ECF25C-EAC2-44E3-8BE5-3AC39A14680E}.Debug|iPhoneSimulator.Build.0 = Debug|Any CPU
		{33ECF25C-EAC2-44E3-8BE5-3AC39A14680E}.Release|iPhone.ActiveCfg = Release|Any CPU
		{33ECF25C-EAC2-44E3-8BE5-3AC39A14680E}.Release|iPhone.Build.0 = Release|Any CPU
		{33ECF25C-EAC2-44E3-8BE5-3AC39A14680E}.Release|iPhoneSimulator.ActiveCfg = Release|Any CPU
		{33ECF25C-EAC2-44E3-8BE5-3AC39A14680E}.Release|iPhoneSimulator.Build.0 = Release|Any CPU
		{33ECF25C-EAC2-44E3-8BE5-3AC39A14680E}.Debug|iPhone.ActiveCfg = Debug|Any CPU
		{33ECF25C-EAC2-44E3-8BE5-3AC39A14680E}.Debug|iPhone.Build.0 = Debug|Any CPU
		{280EAEF4-9128-4727-8400-A755F1A13463}.Debug|Any CPU.ActiveCfg = Debug|iPhoneSimulator
		{280EAEF4-9128-4727-8400-A755F1A13463}.Debug|Any CPU.Build.0 = Debug|iPhoneSimulator
		{280EAEF4-9128-4727-8400-A755F1A13463}.Release|Any CPU.ActiveCfg = Release|iPhone
		{280EAEF4-9128-4727-8400-A755F1A13463}.Release|Any CPU.Build.0 = Release|iPhone
		{280EAEF4-9128-4727-8400-A755F1A13463}.Debug|iPhoneSimulator.ActiveCfg = Debug|iPhoneSimulator
		{280EAEF4-9128-4727-8400-A755F1A13463}.Debug|iPhoneSimulator.Build.0 = Debug|iPhoneSimulator
		{280EAEF4-9128-4727-8400-A755F1A13463}.Release|iPhone.ActiveCfg = Release|iPhone
		{280EAEF4-9128-4727-8400-A755F1A13463}.Release|iPhone.Build.0 = Release|iPhone
		{280EAEF4-9128-4727-8400-A755F1A13463}.Release|iPhoneSimulator.ActiveCfg = Release|iPhoneSimulator
		{280EAEF4-9128-4727-8400-A755F1A13463}.Release|iPhoneSimulator.Build.0 = Release|iPhoneSimulator
		{280EAEF4-9128-4727-8400-A755F1A13463}.Debug|iPhone.ActiveCfg = Debug|iPhone
		{280EAEF4-9128-4727-8400-A755F1A13463}.Debug|iPhone.Build.0 = Debug|iPhone
		{34147E5B-C417-4FE4-9F54-14E5457432C1}.Debug|Any CPU.ActiveCfg = Debug|Any CPU
		{34147E5B-C417-4FE4-9F54-14E5457432C1}.Debug|Any CPU.Build.0 = Debug|Any CPU
		{34147E5B-C417-4FE4-9F54-14E5457432C1}.Release|Any CPU.ActiveCfg = Release|Any CPU
		{34147E5B-C417-4FE4-9F54-14E5457432C1}.Release|Any CPU.Build.0 = Release|Any CPU
		{34147E5B-C417-4FE4-9F54-14E5457432C1}.Debug|iPhoneSimulator.ActiveCfg = Debug|Any CPU
		{34147E5B-C417-4FE4-9F54-14E5457432C1}.Debug|iPhoneSimulator.Build.0 = Debug|Any CPU
		{34147E5B-C417-4FE4-9F54-14E5457432C1}.Release|iPhone.ActiveCfg = Release|Any CPU
		{34147E5B-C417-4FE4-9F54-14E5457432C1}.Release|iPhone.Build.0 = Release|Any CPU
		{34147E5B-C417-4FE4-9F54-14E5457432C1}.Release|iPhoneSimulator.ActiveCfg = Release|Any CPU
		{34147E5B-C417-4FE4-9F54-14E5457432C1}.Release|iPhoneSimulator.Build.0 = Release|Any CPU
		{34147E5B-C417-4FE4-9F54-14E5457432C1}.Debug|iPhone.ActiveCfg = Debug|Any CPU
		{34147E5B-C417-4FE4-9F54-14E5457432C1}.Debug|iPhone.Build.0 = Debug|Any CPU
	EndGlobalSection
EndGlobal
